// !$*UTF8*$!
{
	archiveVersion = 1;
	classes = {
	};
	objectVersion = 56;
	objects = {

/* Begin PBXBuildFile section */
		3A41D912295DD2040044E0EE /* ChessV7App.swift in Sources */ = {isa = PBXBuildFile; fileRef = 3A41D911295DD2040044E0EE /* ChessV7App.swift */; };
		3A41D914295DD2040044E0EE /* ContentView.swift in Sources */ = {isa = PBXBuildFile; fileRef = 3A41D913295DD2040044E0EE /* ContentView.swift */; };
		3A41D916295DD2060044E0EE /* Assets.xcassets in Resources */ = {isa = PBXBuildFile; fileRef = 3A41D915295DD2060044E0EE /* Assets.xcassets */; };
		3A41D919295DD2060044E0EE /* Preview Assets.xcassets in Resources */ = {isa = PBXBuildFile; fileRef = 3A41D918295DD2060044E0EE /* Preview Assets.xcassets */; };
		3A41D923295DD2220044E0EE /* Chessboard.swift in Sources */ = {isa = PBXBuildFile; fileRef = 3A41D922295DD2220044E0EE /* Chessboard.swift */; };
		3A41D925295DD22D0044E0EE /* Pieces.swift in Sources */ = {isa = PBXBuildFile; fileRef = 3A41D924295DD22D0044E0EE /* Pieces.swift */; };
		3A41D927295DD56B0044E0EE /* ViewModel.swift in Sources */ = {isa = PBXBuildFile; fileRef = 3A41D926295DD56B0044E0EE /* ViewModel.swift */; };
		3A41D929295DD5C50044E0EE /* AI.swift in Sources */ = {isa = PBXBuildFile; fileRef = 3A41D928295DD5C50044E0EE /* AI.swift */; };
		3A41D92B295DDB070044E0EE /* ChessboardView.swift in Sources */ = {isa = PBXBuildFile; fileRef = 3A41D92A295DDB070044E0EE /* ChessboardView.swift */; };
		3A41D92D295DE7E50044E0EE /* Pawn.swift in Sources */ = {isa = PBXBuildFile; fileRef = 3A41D92C295DE7E50044E0EE /* Pawn.swift */; };
		3A41D92F295DE7F40044E0EE /* Rook.swift in Sources */ = {isa = PBXBuildFile; fileRef = 3A41D92E295DE7F40044E0EE /* Rook.swift */; };
		3AC6F1302968253B001085C9 /* SettingsView.swift in Sources */ = {isa = PBXBuildFile; fileRef = 3AC6F12F2968253B001085C9 /* SettingsView.swift */; };
		3ACCD8E4295EEA91003C00BF /* Bishop.swift in Sources */ = {isa = PBXBuildFile; fileRef = 3ACCD8E3295EEA91003C00BF /* Bishop.swift */; };
		3ACCD8E6295EEDD7003C00BF /* Queen.swift in Sources */ = {isa = PBXBuildFile; fileRef = 3ACCD8E5295EEDD7003C00BF /* Queen.swift */; };
		3ACCD8E8295EEE56003C00BF /* King.swift in Sources */ = {isa = PBXBuildFile; fileRef = 3ACCD8E7295EEE56003C00BF /* King.swift */; };
		3ACCD8EA295EF4B7003C00BF /* Knight.swift in Sources */ = {isa = PBXBuildFile; fileRef = 3ACCD8E9295EF4B6003C00BF /* Knight.swift */; };
/* End PBXBuildFile section */

/* Begin PBXFileReference section */
		3A41D90E295DD2040044E0EE /* ChessV7.app */ = {isa = PBXFileReference; explicitFileType = wrapper.application; includeInIndex = 0; path = ChessV7.app; sourceTree = BUILT_PRODUCTS_DIR; };
		3A41D911295DD2040044E0EE /* ChessV7App.swift */ = {isa = PBXFileReference; lastKnownFileType = sourcecode.swift; path = ChessV7App.swift; sourceTree = "<group>"; };
		3A41D913295DD2040044E0EE /* ContentView.swift */ = {isa = PBXFileReference; lastKnownFileType = sourcecode.swift; path = ContentView.swift; sourceTree = "<group>"; };
		3A41D915295DD2060044E0EE /* Assets.xcassets */ = {isa = PBXFileReference; lastKnownFileType = folder.assetcatalog; path = Assets.xcassets; sourceTree = "<group>"; };
		3A41D918295DD2060044E0EE /* Preview Assets.xcassets */ = {isa = PBXFileReference; lastKnownFileType = folder.assetcatalog; path = "Preview Assets.xcassets"; sourceTree = "<group>"; };
		3A41D922295DD2220044E0EE /* Chessboard.swift */ = {isa = PBXFileReference; lastKnownFileType = sourcecode.swift; path = Chessboard.swift; sourceTree = "<group>"; };
		3A41D924295DD22D0044E0EE /* Pieces.swift */ = {isa = PBXFileReference; lastKnownFileType = sourcecode.swift; path = Pieces.swift; sourceTree = "<group>"; };
		3A41D926295DD56B0044E0EE /* ViewModel.swift */ = {isa = PBXFileReference; lastKnownFileType = sourcecode.swift; path = ViewModel.swift; sourceTree = "<group>"; };
		3A41D928295DD5C50044E0EE /* AI.swift */ = {isa = PBXFileReference; lastKnownFileType = sourcecode.swift; path = AI.swift; sourceTree = "<group>"; };
		3A41D92A295DDB070044E0EE /* ChessboardView.swift */ = {isa = PBXFileReference; lastKnownFileType = sourcecode.swift; path = ChessboardView.swift; sourceTree = "<group>"; };
		3A41D92C295DE7E50044E0EE /* Pawn.swift */ = {isa = PBXFileReference; lastKnownFileType = sourcecode.swift; path = Pawn.swift; sourceTree = "<group>"; };
		3A41D92E295DE7F40044E0EE /* Rook.swift */ = {isa = PBXFileReference; lastKnownFileType = sourcecode.swift; path = Rook.swift; sourceTree = "<group>"; };
		3AC6F12F2968253B001085C9 /* SettingsView.swift */ = {isa = PBXFileReference; lastKnownFileType = sourcecode.swift; path = SettingsView.swift; sourceTree = "<group>"; };
		3ACCD8E3295EEA91003C00BF /* Bishop.swift */ = {isa = PBXFileReference; lastKnownFileType = sourcecode.swift; path = Bishop.swift; sourceTree = "<group>"; };
		3ACCD8E5295EEDD7003C00BF /* Queen.swift */ = {isa = PBXFileReference; lastKnownFileType = sourcecode.swift; path = Queen.swift; sourceTree = "<group>"; };
		3ACCD8E7295EEE56003C00BF /* King.swift */ = {isa = PBXFileReference; lastKnownFileType = sourcecode.swift; path = King.swift; sourceTree = "<group>"; };
		3ACCD8E9295EF4B6003C00BF /* Knight.swift */ = {isa = PBXFileReference; lastKnownFileType = sourcecode.swift; path = Knight.swift; sourceTree = "<group>"; };
/* End PBXFileReference section */

/* Begin PBXFrameworksBuildPhase section */
		3A41D90B295DD2040044E0EE /* Frameworks */ = {
			isa = PBXFrameworksBuildPhase;
			buildActionMask = 2147483647;
			files = (
			);
			runOnlyForDeploymentPostprocessing = 0;
		};
/* End PBXFrameworksBuildPhase section */

/* Begin PBXGroup section */
		3A41D905295DD2040044E0EE = {
			isa = PBXGroup;
			children = (
				3A41D910295DD2040044E0EE /* ChessV7 */,
				3A41D90F295DD2040044E0EE /* Products */,
			);
			sourceTree = "<group>";
		};
		3A41D90F295DD2040044E0EE /* Products */ = {
			isa = PBXGroup;
			children = (
				3A41D90E295DD2040044E0EE /* ChessV7.app */,
			);
			name = Products;
			sourceTree = "<group>";
		};
		3A41D910295DD2040044E0EE /* ChessV7 */ = {
			isa = PBXGroup;
			children = (
				3A41D921295DD2190044E0EE /* ViewModels */,
				3A41D920295DD2130044E0EE /* Views */,
				3A41D91F295DD20D0044E0EE /* Models */,
				3A41D911295DD2040044E0EE /* ChessV7App.swift */,
				3A41D913295DD2040044E0EE /* ContentView.swift */,
				3A41D915295DD2060044E0EE /* Assets.xcassets */,
				3A41D917295DD2060044E0EE /* Preview Content */,
			);
			path = ChessV7;
			sourceTree = "<group>";
		};
		3A41D917295DD2060044E0EE /* Preview Content */ = {
			isa = PBXGroup;
			children = (
				3A41D918295DD2060044E0EE /* Preview Assets.xcassets */,
			);
			path = "Preview Content";
			sourceTree = "<group>";
		};
		3A41D91F295DD20D0044E0EE /* Models */ = {
			isa = PBXGroup;
			children = (
				3A41D922295DD2220044E0EE /* Chessboard.swift */,
				3A41D924295DD22D0044E0EE /* Pieces.swift */,
				3A41D928295DD5C50044E0EE /* AI.swift */,
				3A41D92C295DE7E50044E0EE /* Pawn.swift */,
				3A41D92E295DE7F40044E0EE /* Rook.swift */,
				3ACCD8E3295EEA91003C00BF /* Bishop.swift */,
				3ACCD8E5295EEDD7003C00BF /* Queen.swift */,
				3ACCD8E7295EEE56003C00BF /* King.swift */,
				3ACCD8E9295EF4B6003C00BF /* Knight.swift */,
			);
			path = Models;
			sourceTree = "<group>";
		};
		3A41D920295DD2130044E0EE /* Views */ = {
			isa = PBXGroup;
			children = (
				3A41D92A295DDB070044E0EE /* ChessboardView.swift */,
				3AC6F12F2968253B001085C9 /* SettingsView.swift */,
			);
			path = Views;
			sourceTree = "<group>";
		};
		3A41D921295DD2190044E0EE /* ViewModels */ = {
			isa = PBXGroup;
			children = (
				3A41D926295DD56B0044E0EE /* ViewModel.swift */,
			);
			path = ViewModels;
			sourceTree = "<group>";
		};
/* End PBXGroup section */

/* Begin PBXNativeTarget section */
		3A41D90D295DD2040044E0EE /* ChessV7 */ = {
			isa = PBXNativeTarget;
			buildConfigurationList = 3A41D91C295DD2060044E0EE /* Build configuration list for PBXNativeTarget "ChessV7" */;
			buildPhases = (
				3A41D90A295DD2040044E0EE /* Sources */,
				3A41D90B295DD2040044E0EE /* Frameworks */,
				3A41D90C295DD2040044E0EE /* Resources */,
			);
			buildRules = (
			);
			dependencies = (
			);
			name = ChessV7;
			productName = ChessV7;
			productReference = 3A41D90E295DD2040044E0EE /* ChessV7.app */;
			productType = "com.apple.product-type.application";
		};
/* End PBXNativeTarget section */

/* Begin PBXProject section */
		3A41D906295DD2040044E0EE /* Project object */ = {
			isa = PBXProject;
			attributes = {
				BuildIndependentTargetsInParallel = 1;
				LastSwiftUpdateCheck = 1420;
				LastUpgradeCheck = 1420;
				TargetAttributes = {
					3A41D90D295DD2040044E0EE = {
						CreatedOnToolsVersion = 14.2;
					};
				};
			};
			buildConfigurationList = 3A41D909295DD2040044E0EE /* Build configuration list for PBXProject "ChessV7" */;
			compatibilityVersion = "Xcode 14.0";
			developmentRegion = en;
			hasScannedForEncodings = 0;
			knownRegions = (
				en,
				Base,
			);
			mainGroup = 3A41D905295DD2040044E0EE;
			productRefGroup = 3A41D90F295DD2040044E0EE /* Products */;
			projectDirPath = "";
			projectRoot = "";
			targets = (
				3A41D90D295DD2040044E0EE /* ChessV7 */,
			);
		};
/* End PBXProject section */

/* Begin PBXResourcesBuildPhase section */
		3A41D90C295DD2040044E0EE /* Resources */ = {
			isa = PBXResourcesBuildPhase;
			buildActionMask = 2147483647;
			files = (
				3A41D919295DD2060044E0EE /* Preview Assets.xcassets in Resources */,
				3A41D916295DD2060044E0EE /* Assets.xcassets in Resources */,
			);
			runOnlyForDeploymentPostprocessing = 0;
		};
/* End PBXResourcesBuildPhase section */

/* Begin PBXSourcesBuildPhase section */
		3A41D90A295DD2040044E0EE /* Sources */ = {
			isa = PBXSourcesBuildPhase;
			buildActionMask = 2147483647;
			files = (
				3A41D927295DD56B0044E0EE /* ViewModel.swift in Sources */,
				3A41D92B295DDB070044E0EE /* ChessboardView.swift in Sources */,
				3ACCD8E8295EEE56003C00BF /* King.swift in Sources */,
				3A41D925295DD22D0044E0EE /* Pieces.swift in Sources */,
				3ACCD8E6295EEDD7003C00BF /* Queen.swift in Sources */,
				3A41D92D295DE7E50044E0EE /* Pawn.swift in Sources */,
				3A41D914295DD2040044E0EE /* ContentView.swift in Sources */,
				3AC6F1302968253B001085C9 /* SettingsView.swift in Sources */,
				3A41D92F295DE7F40044E0EE /* Rook.swift in Sources */,
				3ACCD8EA295EF4B7003C00BF /* Knight.swift in Sources */,
				3ACCD8E4295EEA91003C00BF /* Bishop.swift in Sources */,
				3A41D923295DD2220044E0EE /* Chessboard.swift in Sources */,
				3A41D912295DD2040044E0EE /* ChessV7App.swift in Sources */,
				3A41D929295DD5C50044E0EE /* AI.swift in Sources */,
			);
			runOnlyForDeploymentPostprocessing = 0;
		};
/* End PBXSourcesBuildPhase section */

/* Begin XCBuildConfiguration section */
		3A41D91A295DD2060044E0EE /* Debug */ = {
			isa = XCBuildConfiguration;
			buildSettings = {
				ALWAYS_SEARCH_USER_PATHS = NO;
				CLANG_ANALYZER_NONNULL = YES;
				CLANG_ANALYZER_NUMBER_OBJECT_CONVERSION = YES_AGGRESSIVE;
				CLANG_CXX_LANGUAGE_STANDARD = "gnu++20";
				CLANG_ENABLE_MODULES = YES;
				CLANG_ENABLE_OBJC_ARC = YES;
				CLANG_ENABLE_OBJC_WEAK = YES;
				CLANG_WARN_BLOCK_CAPTURE_AUTORELEASING = YES;
				CLANG_WARN_BOOL_CONVERSION = YES;
				CLANG_WARN_COMMA = YES;
				CLANG_WARN_CONSTANT_CONVERSION = YES;
				CLANG_WARN_DEPRECATED_OBJC_IMPLEMENTATIONS = YES;
				CLANG_WARN_DIRECT_OBJC_ISA_USAGE = YES_ERROR;
				CLANG_WARN_DOCUMENTATION_COMMENTS = YES;
				CLANG_WARN_EMPTY_BODY = YES;
				CLANG_WARN_ENUM_CONVERSION = YES;
				CLANG_WARN_INFINITE_RECURSION = YES;
				CLANG_WARN_INT_CONVERSION = YES;
				CLANG_WARN_NON_LITERAL_NULL_CONVERSION = YES;
				CLANG_WARN_OBJC_IMPLICIT_RETAIN_SELF = YES;
				CLANG_WARN_OBJC_LITERAL_CONVERSION = YES;
				CLANG_WARN_OBJC_ROOT_CLASS = YES_ERROR;
				CLANG_WARN_QUOTED_INCLUDE_IN_FRAMEWORK_HEADER = YES;
				CLANG_WARN_RANGE_LOOP_ANALYSIS = YES;
				CLANG_WARN_STRICT_PROTOTYPES = YES;
				CLANG_WARN_SUSPICIOUS_MOVE = YES;
				CLANG_WARN_UNGUARDED_AVAILABILITY = YES_AGGRESSIVE;
				CLANG_WARN_UNREACHABLE_CODE = YES;
				CLANG_WARN__DUPLICATE_METHOD_MATCH = YES;
				COPY_PHASE_STRIP = NO;
				DEBUG_INFORMATION_FORMAT = dwarf;
				ENABLE_STRICT_OBJC_MSGSEND = YES;
				ENABLE_TESTABILITY = YES;
				GCC_C_LANGUAGE_STANDARD = gnu11;
				GCC_DYNAMIC_NO_PIC = NO;
				GCC_NO_COMMON_BLOCKS = YES;
				GCC_OPTIMIZATION_LEVEL = 0;
				GCC_PREPROCESSOR_DEFINITIONS = (
					"DEBUG=1",
					"$(inherited)",
				);
				GCC_WARN_64_TO_32_BIT_CONVERSION = YES;
				GCC_WARN_ABOUT_RETURN_TYPE = YES_ERROR;
				GCC_WARN_UNDECLARED_SELECTOR = YES;
				GCC_WARN_UNINITIALIZED_AUTOS = YES_AGGRESSIVE;
				GCC_WARN_UNUSED_FUNCTION = YES;
				GCC_WARN_UNUSED_VARIABLE = YES;
				IPHONEOS_DEPLOYMENT_TARGET = 16.2;
				MTL_ENABLE_DEBUG_INFO = INCLUDE_SOURCE;
				MTL_FAST_MATH = YES;
				ONLY_ACTIVE_ARCH = YES;
				SDKROOT = iphoneos;
				SWIFT_ACTIVE_COMPILATION_CONDITIONS = DEBUG;
				SWIFT_OPTIMIZATION_LEVEL = "-Onone";
			};
			name = Debug;
		};
		3A41D91B295DD2060044E0EE /* Release */ = {
			isa = XCBuildConfiguration;
			buildSettings = {
				ALWAYS_SEARCH_USER_PATHS = NO;
				CLANG_ANALYZER_NONNULL = YES;
				CLANG_ANALYZER_NUMBER_OBJECT_CONVERSION = YES_AGGRESSIVE;
				CLANG_CXX_LANGUAGE_STANDARD = "gnu++20";
				CLANG_ENABLE_MODULES = YES;
				CLANG_ENABLE_OBJC_ARC = YES;
				CLANG_ENABLE_OBJC_WEAK = YES;
				CLANG_WARN_BLOCK_CAPTURE_AUTORELEASING = YES;
				CLANG_WARN_BOOL_CONVERSION = YES;
				CLANG_WARN_COMMA = YES;
				CLANG_WARN_CONSTANT_CONVERSION = YES;
				CLANG_WARN_DEPRECATED_OBJC_IMPLEMENTATIONS = YES;
				CLANG_WARN_DIRECT_OBJC_ISA_USAGE = YES_ERROR;
				CLANG_WARN_DOCUMENTATION_COMMENTS = YES;
				CLANG_WARN_EMPTY_BODY = YES;
				CLANG_WARN_ENUM_CONVERSION = YES;
				CLANG_WARN_INFINITE_RECURSION = YES;
				CLANG_WARN_INT_CONVERSION = YES;
				CLANG_WARN_NON_LITERAL_NULL_CONVERSION = YES;
				CLANG_WARN_OBJC_IMPLICIT_RETAIN_SELF = YES;
				CLANG_WARN_OBJC_LITERAL_CONVERSION = YES;
				CLANG_WARN_OBJC_ROOT_CLASS = YES_ERROR;
				CLANG_WARN_QUOTED_INCLUDE_IN_FRAMEWORK_HEADER = YES;
				CLANG_WARN_RANGE_LOOP_ANALYSIS = YES;
				CLANG_WARN_STRICT_PROTOTYPES = YES;
				CLANG_WARN_SUSPICIOUS_MOVE = YES;
				CLANG_WARN_UNGUARDED_AVAILABILITY = YES_AGGRESSIVE;
				CLANG_WARN_UNREACHABLE_CODE = YES;
				CLANG_WARN__DUPLICATE_METHOD_MATCH = YES;
				COPY_PHASE_STRIP = NO;
				DEBUG_INFORMATION_FORMAT = "dwarf-with-dsym";
				ENABLE_NS_ASSERTIONS = NO;
				ENABLE_STRICT_OBJC_MSGSEND = YES;
				GCC_C_LANGUAGE_STANDARD = gnu11;
				GCC_NO_COMMON_BLOCKS = YES;
				GCC_WARN_64_TO_32_BIT_CONVERSION = YES;
				GCC_WARN_ABOUT_RETURN_TYPE = YES_ERROR;
				GCC_WARN_UNDECLARED_SELECTOR = YES;
				GCC_WARN_UNINITIALIZED_AUTOS = YES_AGGRESSIVE;
				GCC_WARN_UNUSED_FUNCTION = YES;
				GCC_WARN_UNUSED_VARIABLE = YES;
				IPHONEOS_DEPLOYMENT_TARGET = 16.2;
				MTL_ENABLE_DEBUG_INFO = NO;
				MTL_FAST_MATH = YES;
				SDKROOT = iphoneos;
				SWIFT_COMPILATION_MODE = wholemodule;
				SWIFT_OPTIMIZATION_LEVEL = "-O";
				VALIDATE_PRODUCT = YES;
			};
			name = Release;
		};
		3A41D91D295DD2060044E0EE /* Debug */ = {
			isa = XCBuildConfiguration;
			buildSettings = {
				ASSETCATALOG_COMPILER_APPICON_NAME = AppIcon;
				ASSETCATALOG_COMPILER_GLOBAL_ACCENT_COLOR_NAME = AccentColor;
				CODE_SIGN_STYLE = Automatic;
				CURRENT_PROJECT_VERSION = 1;
				DEVELOPMENT_ASSET_PATHS = "\"ChessV7/Preview Content\"";
				ENABLE_PREVIEWS = YES;
				GENERATE_INFOPLIST_FILE = YES;
				INFOPLIST_KEY_UIApplicationSceneManifest_Generation = YES;
				INFOPLIST_KEY_UIApplicationSupportsIndirectInputEvents = YES;
				INFOPLIST_KEY_UILaunchScreen_Generation = YES;
				INFOPLIST_KEY_UISupportedInterfaceOrientations_iPad = "UIInterfaceOrientationPortrait UIInterfaceOrientationPortraitUpsideDown UIInterfaceOrientationLandscapeLeft UIInterfaceOrientationLandscapeRight";
				INFOPLIST_KEY_UISupportedInterfaceOrientations_iPhone = "UIInterfaceOrientationPortrait UIInterfaceOrientationLandscapeLeft UIInterfaceOrientationLandscapeRight";
				LD_RUNPATH_SEARCH_PATHS = (
					"$(inherited)",
					"@executable_path/Frameworks",
				);
				MARKETING_VERSION = 1.0;
				PRODUCT_BUNDLE_IDENTIFIER = com.ChessV7;
				PRODUCT_NAME = "$(TARGET_NAME)";
				SWIFT_EMIT_LOC_STRINGS = YES;
				SWIFT_VERSION = 5.0;
				TARGETED_DEVICE_FAMILY = "1,2";
			};
			name = Debug;
		};
		3A41D91E295DD2060044E0EE /* Release */ = {
			isa = XCBuildConfiguration;
			buildSettings = {
				ASSETCATALOG_COMPILER_APPICON_NAME = AppIcon;
				ASSETCATALOG_COMPILER_GLOBAL_ACCENT_COLOR_NAME = AccentColor;
				CODE_SIGN_STYLE = Automatic;
				CURRENT_PROJECT_VERSION = 1;
				DEVELOPMENT_ASSET_PATHS = "\"ChessV7/Preview Content\"";
				ENABLE_PREVIEWS = YES;
				GENERATE_INFOPLIST_FILE = YES;
				INFOPLIST_KEY_UIApplicationSceneManifest_Generation = YES;
				INFOPLIST_KEY_UIApplicationSupportsIndirectInputEvents = YES;
				INFOPLIST_KEY_UILaunchScreen_Generation = YES;
				INFOPLIST_KEY_UISupportedInterfaceOrientations_iPad = "UIInterfaceOrientationPortrait UIInterfaceOrientationPortraitUpsideDown UIInterfaceOrientationLandscapeLeft UIInterfaceOrientationLandscapeRight";
				INFOPLIST_KEY_UISupportedInterfaceOrientations_iPhone = "UIInterfaceOrientationPortrait UIInterfaceOrientationLandscapeLeft UIInterfaceOrientationLandscapeRight";
				LD_RUNPATH_SEARCH_PATHS = (
					"$(inherited)",
					"@executable_path/Frameworks",
				);
				MARKETING_VERSION = 1.0;
				PRODUCT_BUNDLE_IDENTIFIER = com.ChessV7;
				PRODUCT_NAME = "$(TARGET_NAME)";
				SWIFT_EMIT_LOC_STRINGS = YES;
				SWIFT_VERSION = 5.0;
				TARGETED_DEVICE_FAMILY = "1,2";
			};
			name = Release;
		};
/* End XCBuildConfiguration section */

/* Begin XCConfigurationList section */
		3A41D909295DD2040044E0EE /* Build configuration list for PBXProject "ChessV7" */ = {
			isa = XCConfigurationList;
			buildConfigurations = (
				3A41D91A295DD2060044E0EE /* Debug */,
				3A41D91B295DD2060044E0EE /* Release */,
			);
			defaultConfigurationIsVisible = 0;
			defaultConfigurationName = Release;
		};
		3A41D91C295DD2060044E0EE /* Build configuration list for PBXNativeTarget "ChessV7" */ = {
			isa = XCConfigurationList;
			buildConfigurations = (
				3A41D91D295DD2060044E0EE /* Debug */,
				3A41D91E295DD2060044E0EE /* Release */,
			);
			defaultConfigurationIsVisible = 0;
			defaultConfigurationName = Release;
		};
/* End XCConfigurationList section */
	};
	rootObject = 3A41D906295DD2040044E0EE /* Project object */;
}
